// !$*UTF8*$!
{
	archiveVersion = 1;
	classes = {
	};
	objectVersion = 56;
	objects = {

/* Begin PBXBuildFile section */
		06EC91E12B5A91900048FD75 /* AppDelegate.swift in Sources */ = {isa = PBXBuildFile; fileRef = 06EC91E02B5A91900048FD75 /* AppDelegate.swift */; };
		06EC91E32B5A91900048FD75 /* SceneDelegate.swift in Sources */ = {isa = PBXBuildFile; fileRef = 06EC91E22B5A91900048FD75 /* SceneDelegate.swift */; };
		06EC91E52B5A91900048FD75 /* ViewController.swift in Sources */ = {isa = PBXBuildFile; fileRef = 06EC91E42B5A91900048FD75 /* ViewController.swift */; };
		06EC91EA2B5A91910048FD75 /* Assets.xcassets in Resources */ = {isa = PBXBuildFile; fileRef = 06EC91E92B5A91910048FD75 /* Assets.xcassets */; };
		06EC91ED2B5A91910048FD75 /* LaunchScreen.storyboard in Resources */ = {isa = PBXBuildFile; fileRef = 06EC91EB2B5A91910048FD75 /* LaunchScreen.storyboard */; };
		06EC91F82B5A91910048FD75 /* JustWeatherTests.swift in Sources */ = {isa = PBXBuildFile; fileRef = 06EC91F72B5A91910048FD75 /* JustWeatherTests.swift */; };
		06EC92022B5A91910048FD75 /* JustWeatherUITests.swift in Sources */ = {isa = PBXBuildFile; fileRef = 06EC92012B5A91910048FD75 /* JustWeatherUITests.swift */; };
		06EC92042B5A91910048FD75 /* JustWeatherUITestsLaunchTests.swift in Sources */ = {isa = PBXBuildFile; fileRef = 06EC92032B5A91910048FD75 /* JustWeatherUITestsLaunchTests.swift */; };
		06EC92162B5ADB620048FD75 /* WeatherModel.swift in Sources */ = {isa = PBXBuildFile; fileRef = 06EC92152B5ADB620048FD75 /* WeatherModel.swift */; };
		06EC92182B5AE4A30048FD75 /* CountryModel.swift in Sources */ = {isa = PBXBuildFile; fileRef = 06EC92172B5AE4A30048FD75 /* CountryModel.swift */; };
		06EC921B2B5AEB8C0048FD75 /* countries.json in Resources */ = {isa = PBXBuildFile; fileRef = 06EC921A2B5AEB8C0048FD75 /* countries.json */; };
		06EC921D2B5AF0B80048FD75 /* CountryDataService.swift in Sources */ = {isa = PBXBuildFile; fileRef = 06EC921C2B5AF0B80048FD75 /* CountryDataService.swift */; };
/* End PBXBuildFile section */

/* Begin PBXContainerItemProxy section */
		06EC91F42B5A91910048FD75 /* PBXContainerItemProxy */ = {
			isa = PBXContainerItemProxy;
			containerPortal = 06EC91D52B5A91900048FD75 /* Project object */;
			proxyType = 1;
			remoteGlobalIDString = 06EC91DC2B5A91900048FD75;
			remoteInfo = JustWeather;
		};
		06EC91FE2B5A91910048FD75 /* PBXContainerItemProxy */ = {
			isa = PBXContainerItemProxy;
			containerPortal = 06EC91D52B5A91900048FD75 /* Project object */;
			proxyType = 1;
			remoteGlobalIDString = 06EC91DC2B5A91900048FD75;
			remoteInfo = JustWeather;
		};
/* End PBXContainerItemProxy section */

/* Begin PBXFileReference section */
		06EC91DD2B5A91900048FD75 /* JustWeather.app */ = {isa = PBXFileReference; explicitFileType = wrapper.application; includeInIndex = 0; path = JustWeather.app; sourceTree = BUILT_PRODUCTS_DIR; };
		06EC91E02B5A91900048FD75 /* AppDelegate.swift */ = {isa = PBXFileReference; lastKnownFileType = sourcecode.swift; path = AppDelegate.swift; sourceTree = "<group>"; };
		06EC91E22B5A91900048FD75 /* SceneDelegate.swift */ = {isa = PBXFileReference; lastKnownFileType = sourcecode.swift; path = SceneDelegate.swift; sourceTree = "<group>"; };
		06EC91E42B5A91900048FD75 /* ViewController.swift */ = {isa = PBXFileReference; lastKnownFileType = sourcecode.swift; path = ViewController.swift; sourceTree = "<group>"; };
		06EC91E92B5A91910048FD75 /* Assets.xcassets */ = {isa = PBXFileReference; lastKnownFileType = folder.assetcatalog; path = Assets.xcassets; sourceTree = "<group>"; };
		06EC91EC2B5A91910048FD75 /* Base */ = {isa = PBXFileReference; lastKnownFileType = file.storyboard; name = Base; path = Base.lproj/LaunchScreen.storyboard; sourceTree = "<group>"; };
		06EC91EE2B5A91910048FD75 /* Info.plist */ = {isa = PBXFileReference; lastKnownFileType = text.plist.xml; path = Info.plist; sourceTree = "<group>"; };
		06EC91F32B5A91910048FD75 /* JustWeatherTests.xctest */ = {isa = PBXFileReference; explicitFileType = wrapper.cfbundle; includeInIndex = 0; path = JustWeatherTests.xctest; sourceTree = BUILT_PRODUCTS_DIR; };
		06EC91F72B5A91910048FD75 /* JustWeatherTests.swift */ = {isa = PBXFileReference; lastKnownFileType = sourcecode.swift; path = JustWeatherTests.swift; sourceTree = "<group>"; };
		06EC91FD2B5A91910048FD75 /* JustWeatherUITests.xctest */ = {isa = PBXFileReference; explicitFileType = wrapper.cfbundle; includeInIndex = 0; path = JustWeatherUITests.xctest; sourceTree = BUILT_PRODUCTS_DIR; };
		06EC92012B5A91910048FD75 /* JustWeatherUITests.swift */ = {isa = PBXFileReference; lastKnownFileType = sourcecode.swift; path = JustWeatherUITests.swift; sourceTree = "<group>"; };
		06EC92032B5A91910048FD75 /* JustWeatherUITestsLaunchTests.swift */ = {isa = PBXFileReference; lastKnownFileType = sourcecode.swift; path = JustWeatherUITestsLaunchTests.swift; sourceTree = "<group>"; };
		06EC92152B5ADB620048FD75 /* WeatherModel.swift */ = {isa = PBXFileReference; lastKnownFileType = sourcecode.swift; path = WeatherModel.swift; sourceTree = "<group>"; };
		06EC92172B5AE4A30048FD75 /* CountryModel.swift */ = {isa = PBXFileReference; lastKnownFileType = sourcecode.swift; path = CountryModel.swift; sourceTree = "<group>"; };
		06EC921A2B5AEB8C0048FD75 /* countries.json */ = {isa = PBXFileReference; lastKnownFileType = text.json; path = countries.json; sourceTree = "<group>"; };
		06EC921C2B5AF0B80048FD75 /* CountryDataService.swift */ = {isa = PBXFileReference; lastKnownFileType = sourcecode.swift; path = CountryDataService.swift; sourceTree = "<group>"; };
/* End PBXFileReference section */

/* Begin PBXFrameworksBuildPhase section */
		06EC91DA2B5A91900048FD75 /* Frameworks */ = {
			isa = PBXFrameworksBuildPhase;
			buildActionMask = 2147483647;
			files = (
			);
			runOnlyForDeploymentPostprocessing = 0;
		};
		06EC91F02B5A91910048FD75 /* Frameworks */ = {
			isa = PBXFrameworksBuildPhase;
			buildActionMask = 2147483647;
			files = (
			);
			runOnlyForDeploymentPostprocessing = 0;
		};
		06EC91FA2B5A91910048FD75 /* Frameworks */ = {
			isa = PBXFrameworksBuildPhase;
			buildActionMask = 2147483647;
			files = (
			);
			runOnlyForDeploymentPostprocessing = 0;
		};
/* End PBXFrameworksBuildPhase section */

/* Begin PBXGroup section */
		06EC91D42B5A91900048FD75 = {
			isa = PBXGroup;
			children = (
				06EC91DF2B5A91900048FD75 /* JustWeather */,
				06EC91F62B5A91910048FD75 /* JustWeatherTests */,
				06EC92002B5A91910048FD75 /* JustWeatherUITests */,
				06EC91DE2B5A91900048FD75 /* Products */,
			);
			sourceTree = "<group>";
		};
		06EC91DE2B5A91900048FD75 /* Products */ = {
			isa = PBXGroup;
			children = (
				06EC91DD2B5A91900048FD75 /* JustWeather.app */,
				06EC91F32B5A91910048FD75 /* JustWeatherTests.xctest */,
				06EC91FD2B5A91910048FD75 /* JustWeatherUITests.xctest */,
			);
			name = Products;
			sourceTree = "<group>";
		};
		06EC91DF2B5A91900048FD75 /* JustWeather */ = {
			isa = PBXGroup;
			children = (
				06EC92192B5AEB470048FD75 /* Resources */,
				06EC92142B5ADAF50048FD75 /* Services */,
				06EC92132B5ADAEE0048FD75 /* Controllers */,
				06EC92122B5ADAE30048FD75 /* ViewModels */,
				06EC92112B5ADADE0048FD75 /* Views */,
				06EC92102B5ADAD30048FD75 /* Models */,
				06EC91E02B5A91900048FD75 /* AppDelegate.swift */,
				06EC91E22B5A91900048FD75 /* SceneDelegate.swift */,
				06EC91E42B5A91900048FD75 /* ViewController.swift */,
				06EC91E92B5A91910048FD75 /* Assets.xcassets */,
				06EC91EB2B5A91910048FD75 /* LaunchScreen.storyboard */,
				06EC91EE2B5A91910048FD75 /* Info.plist */,
			);
			path = JustWeather;
			sourceTree = "<group>";
		};
		06EC91F62B5A91910048FD75 /* JustWeatherTests */ = {
			isa = PBXGroup;
			children = (
				06EC91F72B5A91910048FD75 /* JustWeatherTests.swift */,
			);
			path = JustWeatherTests;
			sourceTree = "<group>";
		};
		06EC92002B5A91910048FD75 /* JustWeatherUITests */ = {
			isa = PBXGroup;
			children = (
				06EC92012B5A91910048FD75 /* JustWeatherUITests.swift */,
				06EC92032B5A91910048FD75 /* JustWeatherUITestsLaunchTests.swift */,
			);
			path = JustWeatherUITests;
			sourceTree = "<group>";
		};
		06EC92102B5ADAD30048FD75 /* Models */ = {
			isa = PBXGroup;
			children = (
				06EC92152B5ADB620048FD75 /* WeatherModel.swift */,
				06EC92172B5AE4A30048FD75 /* CountryModel.swift */,
			);
			path = Models;
			sourceTree = "<group>";
		};
		06EC92112B5ADADE0048FD75 /* Views */ = {
			isa = PBXGroup;
			children = (
			);
			path = Views;
			sourceTree = "<group>";
		};
		06EC92122B5ADAE30048FD75 /* ViewModels */ = {
			isa = PBXGroup;
			children = (
			);
			path = ViewModels;
			sourceTree = "<group>";
		};
		06EC92132B5ADAEE0048FD75 /* Controllers */ = {
			isa = PBXGroup;
			children = (
			);
			path = Controllers;
			sourceTree = "<group>";
		};
		06EC92142B5ADAF50048FD75 /* Services */ = {
			isa = PBXGroup;
			children = (
				06EC921C2B5AF0B80048FD75 /* CountryDataService.swift */,
			);
			path = Services;
			sourceTree = "<group>";
		};
		06EC92192B5AEB470048FD75 /* Resources */ = {
			isa = PBXGroup;
			children = (
				06EC921A2B5AEB8C0048FD75 /* countries.json */,
			);
			path = Resources;
			sourceTree = "<group>";
		};
/* End PBXGroup section */

/* Begin PBXNativeTarget section */
		06EC91DC2B5A91900048FD75 /* JustWeather */ = {
			isa = PBXNativeTarget;
			buildConfigurationList = 06EC92072B5A91910048FD75 /* Build configuration list for PBXNativeTarget "JustWeather" */;
			buildPhases = (
				06EC91D92B5A91900048FD75 /* Sources */,
				06EC91DA2B5A91900048FD75 /* Frameworks */,
				06EC91DB2B5A91900048FD75 /* Resources */,
			);
			buildRules = (
			);
			dependencies = (
			);
			name = JustWeather;
			productName = JustWeather;
			productReference = 06EC91DD2B5A91900048FD75 /* JustWeather.app */;
			productType = "com.apple.product-type.application";
		};
		06EC91F22B5A91910048FD75 /* JustWeatherTests */ = {
			isa = PBXNativeTarget;
			buildConfigurationList = 06EC920A2B5A91910048FD75 /* Build configuration list for PBXNativeTarget "JustWeatherTests" */;
			buildPhases = (
				06EC91EF2B5A91910048FD75 /* Sources */,
				06EC91F02B5A91910048FD75 /* Frameworks */,
				06EC91F12B5A91910048FD75 /* Resources */,
			);
			buildRules = (
			);
			dependencies = (
				06EC91F52B5A91910048FD75 /* PBXTargetDependency */,
			);
			name = JustWeatherTests;
			productName = JustWeatherTests;
			productReference = 06EC91F32B5A91910048FD75 /* JustWeatherTests.xctest */;
			productType = "com.apple.product-type.bundle.unit-test";
		};
		06EC91FC2B5A91910048FD75 /* JustWeatherUITests */ = {
			isa = PBXNativeTarget;
			buildConfigurationList = 06EC920D2B5A91910048FD75 /* Build configuration list for PBXNativeTarget "JustWeatherUITests" */;
			buildPhases = (
				06EC91F92B5A91910048FD75 /* Sources */,
				06EC91FA2B5A91910048FD75 /* Frameworks */,
				06EC91FB2B5A91910048FD75 /* Resources */,
			);
			buildRules = (
			);
			dependencies = (
				06EC91FF2B5A91910048FD75 /* PBXTargetDependency */,
			);
			name = JustWeatherUITests;
			productName = JustWeatherUITests;
			productReference = 06EC91FD2B5A91910048FD75 /* JustWeatherUITests.xctest */;
			productType = "com.apple.product-type.bundle.ui-testing";
		};
/* End PBXNativeTarget section */

/* Begin PBXProject section */
		06EC91D52B5A91900048FD75 /* Project object */ = {
			isa = PBXProject;
			attributes = {
				BuildIndependentTargetsInParallel = 1;
				LastSwiftUpdateCheck = 1500;
				LastUpgradeCheck = 1500;
				TargetAttributes = {
					06EC91DC2B5A91900048FD75 = {
						CreatedOnToolsVersion = 15.0.1;
					};
					06EC91F22B5A91910048FD75 = {
						CreatedOnToolsVersion = 15.0.1;
						TestTargetID = 06EC91DC2B5A91900048FD75;
					};
					06EC91FC2B5A91910048FD75 = {
						CreatedOnToolsVersion = 15.0.1;
						TestTargetID = 06EC91DC2B5A91900048FD75;
					};
				};
			};
			buildConfigurationList = 06EC91D82B5A91900048FD75 /* Build configuration list for PBXProject "JustWeather" */;
			compatibilityVersion = "Xcode 14.0";
			developmentRegion = en;
			hasScannedForEncodings = 0;
			knownRegions = (
				en,
				Base,
			);
			mainGroup = 06EC91D42B5A91900048FD75;
			productRefGroup = 06EC91DE2B5A91900048FD75 /* Products */;
			projectDirPath = "";
			projectRoot = "";
			targets = (
				06EC91DC2B5A91900048FD75 /* JustWeather */,
				06EC91F22B5A91910048FD75 /* JustWeatherTests */,
				06EC91FC2B5A91910048FD75 /* JustWeatherUITests */,
			);
		};
/* End PBXProject section */

/* Begin PBXResourcesBuildPhase section */
		06EC91DB2B5A91900048FD75 /* Resources */ = {
			isa = PBXResourcesBuildPhase;
			buildActionMask = 2147483647;
			files = (
				06EC921B2B5AEB8C0048FD75 /* countries.json in Resources */,
				06EC91ED2B5A91910048FD75 /* LaunchScreen.storyboard in Resources */,
				06EC91EA2B5A91910048FD75 /* Assets.xcassets in Resources */,
			);
			runOnlyForDeploymentPostprocessing = 0;
		};
		06EC91F12B5A91910048FD75 /* Resources */ = {
			isa = PBXResourcesBuildPhase;
			buildActionMask = 2147483647;
			files = (
			);
			runOnlyForDeploymentPostprocessing = 0;
		};
		06EC91FB2B5A91910048FD75 /* Resources */ = {
			isa = PBXResourcesBuildPhase;
			buildActionMask = 2147483647;
			files = (
			);
			runOnlyForDeploymentPostprocessing = 0;
		};
/* End PBXResourcesBuildPhase section */

/* Begin PBXSourcesBuildPhase section */
		06EC91D92B5A91900048FD75 /* Sources */ = {
			isa = PBXSourcesBuildPhase;
			buildActionMask = 2147483647;
			files = (
				06EC921D2B5AF0B80048FD75 /* CountryDataService.swift in Sources */,
				06EC91E52B5A91900048FD75 /* ViewController.swift in Sources */,
				06EC91E12B5A91900048FD75 /* AppDelegate.swift in Sources */,
				06EC92162B5ADB620048FD75 /* WeatherModel.swift in Sources */,
				06EC91E32B5A91900048FD75 /* SceneDelegate.swift in Sources */,
				06EC92182B5AE4A30048FD75 /* CountryModel.swift in Sources */,
			);
			runOnlyForDeploymentPostprocessing = 0;
		};
		06EC91EF2B5A91910048FD75 /* Sources */ = {
			isa = PBXSourcesBuildPhase;
			buildActionMask = 2147483647;
			files = (
				06EC91F82B5A91910048FD75 /* JustWeatherTests.swift in Sources */,
			);
			runOnlyForDeploymentPostprocessing = 0;
		};
		06EC91F92B5A91910048FD75 /* Sources */ = {
			isa = PBXSourcesBuildPhase;
			buildActionMask = 2147483647;
			files = (
				06EC92022B5A91910048FD75 /* JustWeatherUITests.swift in Sources */,
				06EC92042B5A91910048FD75 /* JustWeatherUITestsLaunchTests.swift in Sources */,
			);
			runOnlyForDeploymentPostprocessing = 0;
		};
/* End PBXSourcesBuildPhase section */

/* Begin PBXTargetDependency section */
		06EC91F52B5A91910048FD75 /* PBXTargetDependency */ = {
			isa = PBXTargetDependency;
			target = 06EC91DC2B5A91900048FD75 /* JustWeather */;
			targetProxy = 06EC91F42B5A91910048FD75 /* PBXContainerItemProxy */;
		};
		06EC91FF2B5A91910048FD75 /* PBXTargetDependency */ = {
			isa = PBXTargetDependency;
			target = 06EC91DC2B5A91900048FD75 /* JustWeather */;
			targetProxy = 06EC91FE2B5A91910048FD75 /* PBXContainerItemProxy */;
		};
/* End PBXTargetDependency section */

/* Begin PBXVariantGroup section */
		06EC91EB2B5A91910048FD75 /* LaunchScreen.storyboard */ = {
			isa = PBXVariantGroup;
			children = (
				06EC91EC2B5A91910048FD75 /* Base */,
			);
			name = LaunchScreen.storyboard;
			sourceTree = "<group>";
		};
/* End PBXVariantGroup section */

/* Begin XCBuildConfiguration section */
		06EC92052B5A91910048FD75 /* Debug */ = {
			isa = XCBuildConfiguration;
			buildSettings = {
				ALWAYS_SEARCH_USER_PATHS = NO;
				ASSETCATALOG_COMPILER_GENERATE_SWIFT_ASSET_SYMBOL_EXTENSIONS = YES;
				CLANG_ANALYZER_NONNULL = YES;
				CLANG_ANALYZER_NUMBER_OBJECT_CONVERSION = YES_AGGRESSIVE;
				CLANG_CXX_LANGUAGE_STANDARD = "gnu++20";
				CLANG_ENABLE_MODULES = YES;
				CLANG_ENABLE_OBJC_ARC = YES;
				CLANG_ENABLE_OBJC_WEAK = YES;
				CLANG_WARN_BLOCK_CAPTURE_AUTORELEASING = YES;
				CLANG_WARN_BOOL_CONVERSION = YES;
				CLANG_WARN_COMMA = YES;
				CLANG_WARN_CONSTANT_CONVERSION = YES;
				CLANG_WARN_DEPRECATED_OBJC_IMPLEMENTATIONS = YES;
				CLANG_WARN_DIRECT_OBJC_ISA_USAGE = YES_ERROR;
				CLANG_WARN_DOCUMENTATION_COMMENTS = YES;
				CLANG_WARN_EMPTY_BODY = YES;
				CLANG_WARN_ENUM_CONVERSION = YES;
				CLANG_WARN_INFINITE_RECURSION = YES;
				CLANG_WARN_INT_CONVERSION = YES;
				CLANG_WARN_NON_LITERAL_NULL_CONVERSION = YES;
				CLANG_WARN_OBJC_IMPLICIT_RETAIN_SELF = YES;
				CLANG_WARN_OBJC_LITERAL_CONVERSION = YES;
				CLANG_WARN_OBJC_ROOT_CLASS = YES_ERROR;
				CLANG_WARN_QUOTED_INCLUDE_IN_FRAMEWORK_HEADER = YES;
				CLANG_WARN_RANGE_LOOP_ANALYSIS = YES;
				CLANG_WARN_STRICT_PROTOTYPES = YES;
				CLANG_WARN_SUSPICIOUS_MOVE = YES;
				CLANG_WARN_UNGUARDED_AVAILABILITY = YES_AGGRESSIVE;
				CLANG_WARN_UNREACHABLE_CODE = YES;
				CLANG_WARN__DUPLICATE_METHOD_MATCH = YES;
				COPY_PHASE_STRIP = NO;
				DEBUG_INFORMATION_FORMAT = dwarf;
				ENABLE_STRICT_OBJC_MSGSEND = YES;
				ENABLE_TESTABILITY = YES;
				ENABLE_USER_SCRIPT_SANDBOXING = YES;
				GCC_C_LANGUAGE_STANDARD = gnu17;
				GCC_DYNAMIC_NO_PIC = NO;
				GCC_NO_COMMON_BLOCKS = YES;
				GCC_OPTIMIZATION_LEVEL = 0;
				GCC_PREPROCESSOR_DEFINITIONS = (
					"DEBUG=1",
					"$(inherited)",
				);
				GCC_WARN_64_TO_32_BIT_CONVERSION = YES;
				GCC_WARN_ABOUT_RETURN_TYPE = YES_ERROR;
				GCC_WARN_UNDECLARED_SELECTOR = YES;
				GCC_WARN_UNINITIALIZED_AUTOS = YES_AGGRESSIVE;
				GCC_WARN_UNUSED_FUNCTION = YES;
				GCC_WARN_UNUSED_VARIABLE = YES;
				IPHONEOS_DEPLOYMENT_TARGET = 17.0;
				LOCALIZATION_PREFERS_STRING_CATALOGS = YES;
				MTL_ENABLE_DEBUG_INFO = INCLUDE_SOURCE;
				MTL_FAST_MATH = YES;
				ONLY_ACTIVE_ARCH = YES;
				SDKROOT = iphoneos;
				SWIFT_ACTIVE_COMPILATION_CONDITIONS = "DEBUG $(inherited)";
				SWIFT_OPTIMIZATION_LEVEL = "-Onone";
			};
			name = Debug;
		};
		06EC92062B5A91910048FD75 /* Release */ = {
			isa = XCBuildConfiguration;
			buildSettings = {
				ALWAYS_SEARCH_USER_PATHS = NO;
				ASSETCATALOG_COMPILER_GENERATE_SWIFT_ASSET_SYMBOL_EXTENSIONS = YES;
				CLANG_ANALYZER_NONNULL = YES;
				CLANG_ANALYZER_NUMBER_OBJECT_CONVERSION = YES_AGGRESSIVE;
				CLANG_CXX_LANGUAGE_STANDARD = "gnu++20";
				CLANG_ENABLE_MODULES = YES;
				CLANG_ENABLE_OBJC_ARC = YES;
				CLANG_ENABLE_OBJC_WEAK = YES;
				CLANG_WARN_BLOCK_CAPTURE_AUTORELEASING = YES;
				CLANG_WARN_BOOL_CONVERSION = YES;
				CLANG_WARN_COMMA = YES;
				CLANG_WARN_CONSTANT_CONVERSION = YES;
				CLANG_WARN_DEPRECATED_OBJC_IMPLEMENTATIONS = YES;
				CLANG_WARN_DIRECT_OBJC_ISA_USAGE = YES_ERROR;
				CLANG_WARN_DOCUMENTATION_COMMENTS = YES;
				CLANG_WARN_EMPTY_BODY = YES;
				CLANG_WARN_ENUM_CONVERSION = YES;
				CLANG_WARN_INFINITE_RECURSION = YES;
				CLANG_WARN_INT_CONVERSION = YES;
				CLANG_WARN_NON_LITERAL_NULL_CONVERSION = YES;
				CLANG_WARN_OBJC_IMPLICIT_RETAIN_SELF = YES;
				CLANG_WARN_OBJC_LITERAL_CONVERSION = YES;
				CLANG_WARN_OBJC_ROOT_CLASS = YES_ERROR;
				CLANG_WARN_QUOTED_INCLUDE_IN_FRAMEWORK_HEADER = YES;
				CLANG_WARN_RANGE_LOOP_ANALYSIS = YES;
				CLANG_WARN_STRICT_PROTOTYPES = YES;
				CLANG_WARN_SUSPICIOUS_MOVE = YES;
				CLANG_WARN_UNGUARDED_AVAILABILITY = YES_AGGRESSIVE;
				CLANG_WARN_UNREACHABLE_CODE = YES;
				CLANG_WARN__DUPLICATE_METHOD_MATCH = YES;
				COPY_PHASE_STRIP = NO;
				DEBUG_INFORMATION_FORMAT = "dwarf-with-dsym";
				ENABLE_NS_ASSERTIONS = NO;
				ENABLE_STRICT_OBJC_MSGSEND = YES;
				ENABLE_USER_SCRIPT_SANDBOXING = YES;
				GCC_C_LANGUAGE_STANDARD = gnu17;
				GCC_NO_COMMON_BLOCKS = YES;
				GCC_WARN_64_TO_32_BIT_CONVERSION = YES;
				GCC_WARN_ABOUT_RETURN_TYPE = YES_ERROR;
				GCC_WARN_UNDECLARED_SELECTOR = YES;
				GCC_WARN_UNINITIALIZED_AUTOS = YES_AGGRESSIVE;
				GCC_WARN_UNUSED_FUNCTION = YES;
				GCC_WARN_UNUSED_VARIABLE = YES;
				IPHONEOS_DEPLOYMENT_TARGET = 17.0;
				LOCALIZATION_PREFERS_STRING_CATALOGS = YES;
				MTL_ENABLE_DEBUG_INFO = NO;
				MTL_FAST_MATH = YES;
				SDKROOT = iphoneos;
				SWIFT_COMPILATION_MODE = wholemodule;
				VALIDATE_PRODUCT = YES;
			};
			name = Release;
		};
		06EC92082B5A91910048FD75 /* Debug */ = {
			isa = XCBuildConfiguration;
			buildSettings = {
				ASSETCATALOG_COMPILER_APPICON_NAME = AppIcon;
				ASSETCATALOG_COMPILER_GLOBAL_ACCENT_COLOR_NAME = AccentColor;
				CODE_SIGN_STYLE = Automatic;
				CURRENT_PROJECT_VERSION = 1;
				GENERATE_INFOPLIST_FILE = YES;
				INFOPLIST_FILE = JustWeather/Info.plist;
				INFOPLIST_KEY_UIApplicationSupportsIndirectInputEvents = YES;
				INFOPLIST_KEY_UILaunchStoryboardName = LaunchScreen;
				INFOPLIST_KEY_UISupportedInterfaceOrientations_iPad = "UIInterfaceOrientationPortrait UIInterfaceOrientationPortraitUpsideDown UIInterfaceOrientationLandscapeLeft UIInterfaceOrientationLandscapeRight";
				INFOPLIST_KEY_UISupportedInterfaceOrientations_iPhone = "UIInterfaceOrientationPortrait UIInterfaceOrientationLandscapeLeft UIInterfaceOrientationLandscapeRight";
				LD_RUNPATH_SEARCH_PATHS = (
					"$(inherited)",
					"@executable_path/Frameworks",
				);
				MARKETING_VERSION = 1.0;
				PRODUCT_BUNDLE_IDENTIFIER = SinghG.JustWeather;
				PRODUCT_NAME = "$(TARGET_NAME)";
				SWIFT_EMIT_LOC_STRINGS = YES;
				SWIFT_VERSION = 5.0;
				TARGETED_DEVICE_FAMILY = "1,2";
			};
			name = Debug;
		};
		06EC92092B5A91910048FD75 /* Release */ = {
			isa = XCBuildConfiguration;
			buildSettings = {
				ASSETCATALOG_COMPILER_APPICON_NAME = AppIcon;
				ASSETCATALOG_COMPILER_GLOBAL_ACCENT_COLOR_NAME = AccentColor;
				CODE_SIGN_STYLE = Automatic;
				CURRENT_PROJECT_VERSION = 1;
				GENERATE_INFOPLIST_FILE = YES;
				INFOPLIST_FILE = JustWeather/Info.plist;
				INFOPLIST_KEY_UIApplicationSupportsIndirectInputEvents = YES;
				INFOPLIST_KEY_UILaunchStoryboardName = LaunchScreen;
				INFOPLIST_KEY_UISupportedInterfaceOrientations_iPad = "UIInterfaceOrientationPortrait UIInterfaceOrientationPortraitUpsideDown UIInterfaceOrientationLandscapeLeft UIInterfaceOrientationLandscapeRight";
				INFOPLIST_KEY_UISupportedInterfaceOrientations_iPhone = "UIInterfaceOrientationPortrait UIInterfaceOrientationLandscapeLeft UIInterfaceOrientationLandscapeRight";
				LD_RUNPATH_SEARCH_PATHS = (
					"$(inherited)",
					"@executable_path/Frameworks",
				);
				MARKETING_VERSION = 1.0;
				PRODUCT_BUNDLE_IDENTIFIER = SinghG.JustWeather;
				PRODUCT_NAME = "$(TARGET_NAME)";
				SWIFT_EMIT_LOC_STRINGS = YES;
				SWIFT_VERSION = 5.0;
				TARGETED_DEVICE_FAMILY = "1,2";
			};
			name = Release;
		};
		06EC920B2B5A91910048FD75 /* Debug */ = {
			isa = XCBuildConfiguration;
			buildSettings = {
				ALWAYS_EMBED_SWIFT_STANDARD_LIBRARIES = YES;
				BUNDLE_LOADER = "$(TEST_HOST)";
				CODE_SIGN_STYLE = Automatic;
				CURRENT_PROJECT_VERSION = 1;
				GENERATE_INFOPLIST_FILE = YES;
				IPHONEOS_DEPLOYMENT_TARGET = 17.0;
				MARKETING_VERSION = 1.0;
				PRODUCT_BUNDLE_IDENTIFIER = SinghG.JustWeatherTests;
				PRODUCT_NAME = "$(TARGET_NAME)";
				SWIFT_EMIT_LOC_STRINGS = NO;
				SWIFT_VERSION = 5.0;
				TARGETED_DEVICE_FAMILY = "1,2";
				TEST_HOST = "$(BUILT_PRODUCTS_DIR)/JustWeather.app/$(BUNDLE_EXECUTABLE_FOLDER_PATH)/JustWeather";
			};
			name = Debug;
		};
		06EC920C2B5A91910048FD75 /* Release */ = {
			isa = XCBuildConfiguration;
			buildSettings = {
				ALWAYS_EMBED_SWIFT_STANDARD_LIBRARIES = YES;
				BUNDLE_LOADER = "$(TEST_HOST)";
				CODE_SIGN_STYLE = Automatic;
				CURRENT_PROJECT_VERSION = 1;
				GENERATE_INFOPLIST_FILE = YES;
				IPHONEOS_DEPLOYMENT_TARGET = 17.0;
				MARKETING_VERSION = 1.0;
				PRODUCT_BUNDLE_IDENTIFIER = SinghG.JustWeatherTests;
				PRODUCT_NAME = "$(TARGET_NAME)";
				SWIFT_EMIT_LOC_STRINGS = NO;
				SWIFT_VERSION = 5.0;
				TARGETED_DEVICE_FAMILY = "1,2";
				TEST_HOST = "$(BUILT_PRODUCTS_DIR)/JustWeather.app/$(BUNDLE_EXECUTABLE_FOLDER_PATH)/JustWeather";
			};
			name = Release;
		};
		06EC920E2B5A91910048FD75 /* Debug */ = {
			isa = XCBuildConfiguration;
			buildSettings = {
				ALWAYS_EMBED_SWIFT_STANDARD_LIBRARIES = YES;
				CODE_SIGN_STYLE = Automatic;
				CURRENT_PROJECT_VERSION = 1;
				GENERATE_INFOPLIST_FILE = YES;
				MARKETING_VERSION = 1.0;
				PRODUCT_BUNDLE_IDENTIFIER = SinghG.JustWeatherUITests;
				PRODUCT_NAME = "$(TARGET_NAME)";
				SWIFT_EMIT_LOC_STRINGS = NO;
				SWIFT_VERSION = 5.0;
				TARGETED_DEVICE_FAMILY = "1,2";
				TEST_TARGET_NAME = JustWeather;
			};
			name = Debug;
		};
		06EC920F2B5A91910048FD75 /* Release */ = {
			isa = XCBuildConfiguration;
			buildSettings = {
				ALWAYS_EMBED_SWIFT_STANDARD_LIBRARIES = YES;
				CODE_SIGN_STYLE = Automatic;
				CURRENT_PROJECT_VERSION = 1;
				GENERATE_INFOPLIST_FILE = YES;
				MARKETING_VERSION = 1.0;
				PRODUCT_BUNDLE_IDENTIFIER = SinghG.JustWeatherUITests;
				PRODUCT_NAME = "$(TARGET_NAME)";
				SWIFT_EMIT_LOC_STRINGS = NO;
				SWIFT_VERSION = 5.0;
				TARGETED_DEVICE_FAMILY = "1,2";
				TEST_TARGET_NAME = JustWeather;
			};
			name = Release;
		};
/* End XCBuildConfiguration section */

/* Begin XCConfigurationList section */
		06EC91D82B5A91900048FD75 /* Build configuration list for PBXProject "JustWeather" */ = {
			isa = XCConfigurationList;
			buildConfigurations = (
				06EC92052B5A91910048FD75 /* Debug */,
				06EC92062B5A91910048FD75 /* Release */,
			);
			defaultConfigurationIsVisible = 0;
			defaultConfigurationName = Release;
		};
		06EC92072B5A91910048FD75 /* Build configuration list for PBXNativeTarget "JustWeather" */ = {
			isa = XCConfigurationList;
			buildConfigurations = (
				06EC92082B5A91910048FD75 /* Debug */,
				06EC92092B5A91910048FD75 /* Release */,
			);
			defaultConfigurationIsVisible = 0;
			defaultConfigurationName = Release;
		};
		06EC920A2B5A91910048FD75 /* Build configuration list for PBXNativeTarget "JustWeatherTests" */ = {
			isa = XCConfigurationList;
			buildConfigurations = (
				06EC920B2B5A91910048FD75 /* Debug */,
				06EC920C2B5A91910048FD75 /* Release */,
			);
			defaultConfigurationIsVisible = 0;
			defaultConfigurationName = Release;
		};
		06EC920D2B5A91910048FD75 /* Build configuration list for PBXNativeTarget "JustWeatherUITests" */ = {
			isa = XCConfigurationList;
			buildConfigurations = (
				06EC920E2B5A91910048FD75 /* Debug */,
				06EC920F2B5A91910048FD75 /* Release */,
			);
			defaultConfigurationIsVisible = 0;
			defaultConfigurationName = Release;
		};
/* End XCConfigurationList section */
	};
	rootObject = 06EC91D52B5A91900048FD75 /* Project object */;
}
